
Microsoft Visual Studio Solution File, Format Version 12.00
# Visual Studio Version 16
VisualStudioVersion = 16.0.29009.5
MinimumVisualStudioVersion = 10.0.40219.1
Project("{FAE04EC0-301F-11D3-BF4B-00C04F79EFBC}") = "SampleFPM", "SampleFPM\SampleFPM.csproj", "{DF1422A4-606D-42FD-B9A1-A2CBF006C2E1}"
EndProject
Global
	GlobalSection(SolutionConfigurationPlatforms) = preSolution
		Debug|Any CPU = Debug|Any CPU
		Release|Any CPU = Release|Any CPU
	EndGlobalSection
	GlobalSection(ProjectConfigurationPlatforms) = postSolution
		{DF1422A4-606D-42FD-B9A1-A2CBF006C2E1}.Debug|Any CPU.ActiveCfg = Debug|Any CPU
		{DF1422A4-606D-42FD-B9A1-A2CBF006C2E1}.Debug|Any CPU.Build.0 = Debug|Any CPU
		{DF1422A4-606D-42FD-B9A1-A2CBF006C2E1}.Release|Any CPU.ActiveCfg = Release|Any CPU
		{DF1422A4-606D-42FD-B9A1-A2CBF006C2E1}.Release|Any CPU.Build.0 = Release|Any CPU
	EndGlobalSection
	GlobalSection(SolutionProperties) = preSolution
		HideSolutionNode = FALSE
	EndGlobalSection
	GlobalSection(ExtensibilityGlobals) = postSolution
		SolutionGuid = {0052C022-3891-4ACD-AC58-7B002CCFFE85}
	EndGlobalSection
EndGlobal
